
Microsoft Visual Studio Solution File, Format Version 12.00
# Visual Studio Express 2012 for Windows Desktop
Project("{FAE04EC0-301F-11D3-BF4B-00C04F79EFBC}") = "Twitter_twitinvi", "Twitter_twitinvi\Twitter_twitinvi.csproj", "{0C5E29DE-C2EC-4A27-A10F-5528A0893ABD}"
EndProject
Global
	GlobalSection(SolutionConfigurationPlatforms) = preSolution
		Debug|Any CPU = Debug|Any CPU
		Release|Any CPU = Release|Any CPU
	EndGlobalSection
	GlobalSection(ProjectConfigurationPlatforms) = postSolution
		{0C5E29DE-C2EC-4A27-A10F-5528A0893ABD}.Debug|Any CPU.ActiveCfg = Debug|Any CPU
		{0C5E29DE-C2EC-4A27-A10F-5528A0893ABD}.Debug|Any CPU.Build.0 = Debug|Any CPU
		{0C5E29DE-C2EC-4A27-A10F-5528A0893ABD}.Release|Any CPU.ActiveCfg = Release|Any CPU
		{0C5E29DE-C2EC-4A27-A10F-5528A0893ABD}.Release|Any CPU.Build.0 = Release|Any CPU
	EndGlobalSection
	GlobalSection(SolutionProperties) = preSolution
		HideSolutionNode = FALSE
	EndGlobalSection
EndGlobal
